PODS:
  - Alamofire (4.7.3)
  - AlamofireImage (3.4.1):
    - Alamofire (~> 4.7)
  - CrossroadRegex (1.1.0)
  - GoogleAnalytics (3.17.0)
  - JGProgressHUD (2.0.3)
  - JXWebViewController (1.1.0)
  - Ladybug (2.0.0)
  - SnapKit (4.0.1)
  - SwiftDate (5.0.9)
  - SwiftLint (0.27.0)
  - "UITextView+Placeholder (1.2.1)"

DEPENDENCIES:
  - Alamofire
  - AlamofireImage
  - CrossroadRegex
  - GoogleAnalytics
  - JGProgressHUD
  - JXWebViewController
  - Ladybug
  - SnapKit
  - SwiftDate
  - SwiftLint
  - "UITextView+Placeholder"

SPEC REPOS:
  https://github.com/cocoapods/specs.git:
    - Alamofire
    - AlamofireImage
    - CrossroadRegex
    - GoogleAnalytics
    - JGProgressHUD
    - JXWebViewController
    - Ladybug
    - SnapKit
    - SwiftDate
    - SwiftLint
    - "UITextView+Placeholder"

SPEC CHECKSUMS:
  Alamofire: c7287b6e5d7da964a70935e5db17046b7fde6568
  AlamofireImage: 78d67ccbb763d87ba44b21583d2153500a195630
  CrossroadRegex: 5eaadb3f7b4014728f1cbd1014756b126c1dbd9a
  GoogleAnalytics: f42cc53a87a51fe94334821868d9c8481ff47a7b
  JGProgressHUD: 12b20a8f4ffe05258f8635c1ab92816e451f904d
  JXWebViewController: a903c6ac258d7880a3e2ec068f4233ebcda25614
  Ladybug: f445480856a4971ef401abcb14ff8ea2d1178785
  SnapKit: 0de968a9fec17499afa29683b05d0c775b6d1c29
  SwiftDate: 52b718d32ec006861a2be2756cbfa482d438e781
  SwiftLint: 3207c1faa2240bf8973b191820a116113cd11073
  "UITextView+Placeholder": 0c3efd97f37ea64bde7f34cc6e90fe02e87b3909

PODFILE CHECKSUM: 90a63d110992204ad84b19c5976f6b58c4b69cc2

COCOAPODS: 1.5.3
