// !$*UTF8*$!
{
	archiveVersion = 1;
	classes = {
	};
	objectVersion = 46;
	objects = {

/* Begin PBXBuildFile section */
		B21B37C41E0443AA00DD4FF3 /* JSON.swift in Sources */ = {isa = PBXBuildFile; fileRef = B21B37C31E0443AA00DD4FF3 /* JSON.swift */; };
		B22DE0DF1B1951B200888C0D /* ComposeController.swift in Sources */ = {isa = PBXBuildFile; fileRef = B22DE0DE1B1951B200888C0D /* ComposeController.swift */; };
		B24128AC1B2D3FDC0006AEF9 /* DateTools.bundle in Resources */ = {isa = PBXBuildFile; fileRef = B24128AB1B2D3FDC0006AEF9 /* DateTools.bundle */; };
		B263B52A1B1EA36C00C56CB0 /* TopicBodyCell.swift in Sources */ = {isa = PBXBuildFile; fileRef = B263B5291B1EA36C00C56CB0 /* TopicBodyCell.swift */; };
		B263B52E1B205B0B00C56CB0 /* SplitViewController.swift in Sources */ = {isa = PBXBuildFile; fileRef = B263B52D1B205B0A00C56CB0 /* SplitViewController.swift */; };
		B2D221D01B0B63A100007E79 /* AppDelegate.swift in Sources */ = {isa = PBXBuildFile; fileRef = B2D221CF1B0B63A100007E79 /* AppDelegate.swift */; };
		B2D221D71B0B63A100007E79 /* Images.xcassets in Resources */ = {isa = PBXBuildFile; fileRef = B2D221D61B0B63A100007E79 /* Images.xcassets */; };
		B2D221E61B0B63A200007E79 /* RubyChinaTests.swift in Sources */ = {isa = PBXBuildFile; fileRef = B2D221E51B0B63A200007E79 /* RubyChinaTests.swift */; };
		B2F217FA1B18B53600150DDF /* Defaults.swift in Sources */ = {isa = PBXBuildFile; fileRef = B2F217F81B18B53600150DDF /* Defaults.swift */; };
		B2F217FB1B18B53600150DDF /* Helper.swift in Sources */ = {isa = PBXBuildFile; fileRef = B2F217F91B18B53600150DDF /* Helper.swift */; };
		B2F218031B18B54000150DDF /* ReplyCell.swift in Sources */ = {isa = PBXBuildFile; fileRef = B2F217FC1B18B54000150DDF /* ReplyCell.swift */; };
		B2F218041B18B54000150DDF /* TopicTitleCell.swift in Sources */ = {isa = PBXBuildFile; fileRef = B2F217FD1B18B54000150DDF /* TopicTitleCell.swift */; };
		B2F218051B18B54000150DDF /* UserNameCell.swift in Sources */ = {isa = PBXBuildFile; fileRef = B2F217FE1B18B54000150DDF /* UserNameCell.swift */; };
		B2F218061B18B54000150DDF /* TopicCell.swift in Sources */ = {isa = PBXBuildFile; fileRef = B2F217FF1B18B54000150DDF /* TopicCell.swift */; };
		B2F218071B18B54000150DDF /* LoadingView.swift in Sources */ = {isa = PBXBuildFile; fileRef = B2F218001B18B54000150DDF /* LoadingView.swift */; };
		B2F218081B18B54000150DDF /* FailureView.swift in Sources */ = {isa = PBXBuildFile; fileRef = B2F218011B18B54000150DDF /* FailureView.swift */; };
		B2F218091B18B54000150DDF /* EmptyView.swift in Sources */ = {isa = PBXBuildFile; fileRef = B2F218021B18B54000150DDF /* EmptyView.swift */; };
		B2F218101B18B55600150DDF /* NodesController.swift in Sources */ = {isa = PBXBuildFile; fileRef = B2F2180A1B18B55600150DDF /* NodesController.swift */; };
		B2F218111B18B55600150DDF /* SignInController.swift in Sources */ = {isa = PBXBuildFile; fileRef = B2F2180B1B18B55600150DDF /* SignInController.swift */; };
		B2F218121B18B55600150DDF /* TopicController.swift in Sources */ = {isa = PBXBuildFile; fileRef = B2F2180C1B18B55600150DDF /* TopicController.swift */; };
		B2F218131B18B55600150DDF /* TopicsController.swift in Sources */ = {isa = PBXBuildFile; fileRef = B2F2180D1B18B55600150DDF /* TopicsController.swift */; };
		B2F218141B18B55600150DDF /* UserController.swift in Sources */ = {isa = PBXBuildFile; fileRef = B2F2180E1B18B55600150DDF /* UserController.swift */; };
		B2F218151B18B55600150DDF /* WebViewController.swift in Sources */ = {isa = PBXBuildFile; fileRef = B2F2180F1B18B55600150DDF /* WebViewController.swift */; };
		B2FBE70E1D5D8C5700E5DDE8 /* UIViewController.swift in Sources */ = {isa = PBXBuildFile; fileRef = B2FBE70D1D5D8C5700E5DDE8 /* UIViewController.swift */; };
		CEEE12158CFCB4991BF2C346 /* Pods_RubyChina.framework in Frameworks */ = {isa = PBXBuildFile; fileRef = D275C604818F1099340FBE6E /* Pods_RubyChina.framework */; };
/* End PBXBuildFile section */

/* Begin PBXContainerItemProxy section */
		B2D221E01B0B63A200007E79 /* PBXContainerItemProxy */ = {
			isa = PBXContainerItemProxy;
			containerPortal = B2D221C21B0B63A100007E79 /* Project object */;
			proxyType = 1;
			remoteGlobalIDString = B2D221C91B0B63A100007E79;
			remoteInfo = RubyChina;
		};
/* End PBXContainerItemProxy section */

/* Begin PBXFileReference section */
		66F00C90339BFEFF2988116C /* Pods-RubyChina.release.xcconfig */ = {isa = PBXFileReference; includeInIndex = 1; lastKnownFileType = text.xcconfig; name = "Pods-RubyChina.release.xcconfig"; path = "Pods/Target Support Files/Pods-RubyChina/Pods-RubyChina.release.xcconfig"; sourceTree = "<group>"; };
		9D16BBFE6D5CF11FD5D5AEFA /* Pods-RubyChina.debug.xcconfig */ = {isa = PBXFileReference; includeInIndex = 1; lastKnownFileType = text.xcconfig; name = "Pods-RubyChina.debug.xcconfig"; path = "Pods/Target Support Files/Pods-RubyChina/Pods-RubyChina.debug.xcconfig"; sourceTree = "<group>"; };
		B21B37C31E0443AA00DD4FF3 /* JSON.swift */ = {isa = PBXFileReference; fileEncoding = 4; lastKnownFileType = sourcecode.swift; path = JSON.swift; sourceTree = "<group>"; };
		B22DE0DE1B1951B200888C0D /* ComposeController.swift */ = {isa = PBXFileReference; fileEncoding = 4; lastKnownFileType = sourcecode.swift; path = ComposeController.swift; sourceTree = "<group>"; };
		B24128AB1B2D3FDC0006AEF9 /* DateTools.bundle */ = {isa = PBXFileReference; lastKnownFileType = "wrapper.plug-in"; name = DateTools.bundle; path = ../Pods/DateTools/DateTools/DateTools.bundle; sourceTree = "<group>"; };
		B263B5291B1EA36C00C56CB0 /* TopicBodyCell.swift */ = {isa = PBXFileReference; fileEncoding = 4; lastKnownFileType = sourcecode.swift; path = TopicBodyCell.swift; sourceTree = "<group>"; };
		B263B52D1B205B0A00C56CB0 /* SplitViewController.swift */ = {isa = PBXFileReference; fileEncoding = 4; lastKnownFileType = sourcecode.swift; path = SplitViewController.swift; sourceTree = "<group>"; };
		B2D221CA1B0B63A100007E79 /* RubyChina.app */ = {isa = PBXFileReference; explicitFileType = wrapper.application; includeInIndex = 0; path = RubyChina.app; sourceTree = BUILT_PRODUCTS_DIR; };
		B2D221CE1B0B63A100007E79 /* Info.plist */ = {isa = PBXFileReference; lastKnownFileType = text.plist.xml; path = Info.plist; sourceTree = "<group>"; };
		B2D221CF1B0B63A100007E79 /* AppDelegate.swift */ = {isa = PBXFileReference; lastKnownFileType = sourcecode.swift; path = AppDelegate.swift; sourceTree = "<group>"; };
		B2D221D61B0B63A100007E79 /* Images.xcassets */ = {isa = PBXFileReference; lastKnownFileType = folder.assetcatalog; path = Images.xcassets; sourceTree = "<group>"; };
		B2D221DF1B0B63A200007E79 /* RubyChinaTests.xctest */ = {isa = PBXFileReference; explicitFileType = wrapper.cfbundle; includeInIndex = 0; path = RubyChinaTests.xctest; sourceTree = BUILT_PRODUCTS_DIR; };
		B2D221E41B0B63A200007E79 /* Info.plist */ = {isa = PBXFileReference; lastKnownFileType = text.plist.xml; path = Info.plist; sourceTree = "<group>"; };
		B2D221E51B0B63A200007E79 /* RubyChinaTests.swift */ = {isa = PBXFileReference; lastKnownFileType = sourcecode.swift; path = RubyChinaTests.swift; sourceTree = "<group>"; };
		B2D222051B0F83C000007E79 /* Bridging-Header.h */ = {isa = PBXFileReference; lastKnownFileType = sourcecode.c.h; path = "Bridging-Header.h"; sourceTree = "<group>"; };
		B2F217F81B18B53600150DDF /* Defaults.swift */ = {isa = PBXFileReference; fileEncoding = 4; lastKnownFileType = sourcecode.swift; path = Defaults.swift; sourceTree = "<group>"; };
		B2F217F91B18B53600150DDF /* Helper.swift */ = {isa = PBXFileReference; fileEncoding = 4; lastKnownFileType = sourcecode.swift; path = Helper.swift; sourceTree = "<group>"; };
		B2F217FC1B18B54000150DDF /* ReplyCell.swift */ = {isa = PBXFileReference; fileEncoding = 4; lastKnownFileType = sourcecode.swift; path = ReplyCell.swift; sourceTree = "<group>"; };
		B2F217FD1B18B54000150DDF /* TopicTitleCell.swift */ = {isa = PBXFileReference; fileEncoding = 4; lastKnownFileType = sourcecode.swift; path = TopicTitleCell.swift; sourceTree = "<group>"; };
		B2F217FE1B18B54000150DDF /* UserNameCell.swift */ = {isa = PBXFileReference; fileEncoding = 4; lastKnownFileType = sourcecode.swift; path = UserNameCell.swift; sourceTree = "<group>"; };
		B2F217FF1B18B54000150DDF /* TopicCell.swift */ = {isa = PBXFileReference; fileEncoding = 4; lastKnownFileType = sourcecode.swift; path = TopicCell.swift; sourceTree = "<group>"; };
		B2F218001B18B54000150DDF /* LoadingView.swift */ = {isa = PBXFileReference; fileEncoding = 4; lastKnownFileType = sourcecode.swift; path = LoadingView.swift; sourceTree = "<group>"; };
		B2F218011B18B54000150DDF /* FailureView.swift */ = {isa = PBXFileReference; fileEncoding = 4; lastKnownFileType = sourcecode.swift; path = FailureView.swift; sourceTree = "<group>"; };
		B2F218021B18B54000150DDF /* EmptyView.swift */ = {isa = PBXFileReference; fileEncoding = 4; lastKnownFileType = sourcecode.swift; path = EmptyView.swift; sourceTree = "<group>"; };
		B2F2180A1B18B55600150DDF /* NodesController.swift */ = {isa = PBXFileReference; fileEncoding = 4; lastKnownFileType = sourcecode.swift; path = NodesController.swift; sourceTree = "<group>"; };
		B2F2180B1B18B55600150DDF /* SignInController.swift */ = {isa = PBXFileReference; fileEncoding = 4; lastKnownFileType = sourcecode.swift; path = SignInController.swift; sourceTree = "<group>"; };
		B2F2180C1B18B55600150DDF /* TopicController.swift */ = {isa = PBXFileReference; fileEncoding = 4; lastKnownFileType = sourcecode.swift; path = TopicController.swift; sourceTree = "<group>"; };
		B2F2180D1B18B55600150DDF /* TopicsController.swift */ = {isa = PBXFileReference; fileEncoding = 4; lastKnownFileType = sourcecode.swift; path = TopicsController.swift; sourceTree = "<group>"; };
		B2F2180E1B18B55600150DDF /* UserController.swift */ = {isa = PBXFileReference; fileEncoding = 4; lastKnownFileType = sourcecode.swift; path = UserController.swift; sourceTree = "<group>"; };
		B2F2180F1B18B55600150DDF /* WebViewController.swift */ = {isa = PBXFileReference; fileEncoding = 4; lastKnownFileType = sourcecode.swift; path = WebViewController.swift; sourceTree = "<group>"; };
		B2FBE70D1D5D8C5700E5DDE8 /* UIViewController.swift */ = {isa = PBXFileReference; fileEncoding = 4; lastKnownFileType = sourcecode.swift; path = UIViewController.swift; sourceTree = "<group>"; };
		D275C604818F1099340FBE6E /* Pods_RubyChina.framework */ = {isa = PBXFileReference; explicitFileType = wrapper.framework; includeInIndex = 0; path = Pods_RubyChina.framework; sourceTree = BUILT_PRODUCTS_DIR; };
		DB9E1FE7F75A5D0D9174BB74 /* Pods.framework */ = {isa = PBXFileReference; explicitFileType = wrapper.framework; includeInIndex = 0; path = Pods.framework; sourceTree = BUILT_PRODUCTS_DIR; };
/* End PBXFileReference section */

/* Begin PBXFrameworksBuildPhase section */
		B2D221C71B0B63A100007E79 /* Frameworks */ = {
			isa = PBXFrameworksBuildPhase;
			buildActionMask = 2147483647;
			files = (
				CEEE12158CFCB4991BF2C346 /* Pods_RubyChina.framework in Frameworks */,
			);
			runOnlyForDeploymentPostprocessing = 0;
		};
		B2D221DC1B0B63A200007E79 /* Frameworks */ = {
			isa = PBXFrameworksBuildPhase;
			buildActionMask = 2147483647;
			files = (
			);
			runOnlyForDeploymentPostprocessing = 0;
		};
/* End PBXFrameworksBuildPhase section */

/* Begin PBXGroup section */
		08329C4AF6DBEFC87D2EC701 /* Pods */ = {
			isa = PBXGroup;
			children = (
				9D16BBFE6D5CF11FD5D5AEFA /* Pods-RubyChina.debug.xcconfig */,
				66F00C90339BFEFF2988116C /* Pods-RubyChina.release.xcconfig */,
			);
			name = Pods;
			sourceTree = "<group>";
		};
		B2D221C11B0B63A100007E79 = {
			isa = PBXGroup;
			children = (
				B2D221CC1B0B63A100007E79 /* RubyChina */,
				B2D221E21B0B63A200007E79 /* RubyChinaTests */,
				B2D221CB1B0B63A100007E79 /* Products */,
				C0D154EE6622CC1F87332BFA /* Frameworks */,
				08329C4AF6DBEFC87D2EC701 /* Pods */,
			);
			sourceTree = "<group>";
		};
		B2D221CB1B0B63A100007E79 /* Products */ = {
			isa = PBXGroup;
			children = (
				B2D221CA1B0B63A100007E79 /* RubyChina.app */,
				B2D221DF1B0B63A200007E79 /* RubyChinaTests.xctest */,
			);
			name = Products;
			sourceTree = "<group>";
		};
		B2D221CC1B0B63A100007E79 /* RubyChina */ = {
			isa = PBXGroup;
			children = (
				B2D221CF1B0B63A100007E79 /* AppDelegate.swift */,
				B2D222051B0F83C000007E79 /* Bridging-Header.h */,
				B2D221F11B0F3EC200007E79 /* Controllers */,
				B2D221D61B0B63A100007E79 /* Images.xcassets */,
				B2D221F51B0F53A200007E79 /* Libraries */,
				B2D221CD1B0B63A100007E79 /* Supporting Files */,
				B2D221F61B0F53A200007E79 /* Views */,
			);
			path = RubyChina;
			sourceTree = "<group>";
		};
		B2D221CD1B0B63A100007E79 /* Supporting Files */ = {
			isa = PBXGroup;
			children = (
				B24128AB1B2D3FDC0006AEF9 /* DateTools.bundle */,
				B2D221CE1B0B63A100007E79 /* Info.plist */,
			);
			name = "Supporting Files";
			sourceTree = "<group>";
		};
		B2D221E21B0B63A200007E79 /* RubyChinaTests */ = {
			isa = PBXGroup;
			children = (
				B2D221E51B0B63A200007E79 /* RubyChinaTests.swift */,
				B2D221E31B0B63A200007E79 /* Supporting Files */,
			);
			path = RubyChinaTests;
			sourceTree = "<group>";
		};
		B2D221E31B0B63A200007E79 /* Supporting Files */ = {
			isa = PBXGroup;
			children = (
				B2D221E41B0B63A200007E79 /* Info.plist */,
			);
			name = "Supporting Files";
			sourceTree = "<group>";
		};
		B2D221F11B0F3EC200007E79 /* Controllers */ = {
			isa = PBXGroup;
			children = (
				B22DE0DE1B1951B200888C0D /* ComposeController.swift */,
				B2F2180A1B18B55600150DDF /* NodesController.swift */,
				B2F2180B1B18B55600150DDF /* SignInController.swift */,
				B263B52D1B205B0A00C56CB0 /* SplitViewController.swift */,
				B2F2180C1B18B55600150DDF /* TopicController.swift */,
				B2F2180D1B18B55600150DDF /* TopicsController.swift */,
				B2FBE70D1D5D8C5700E5DDE8 /* UIViewController.swift */,
				B2F2180E1B18B55600150DDF /* UserController.swift */,
				B2F2180F1B18B55600150DDF /* WebViewController.swift */,
			);
			path = Controllers;
			sourceTree = "<group>";
		};
		B2D221F51B0F53A200007E79 /* Libraries */ = {
			isa = PBXGroup;
			children = (
				B2F217F81B18B53600150DDF /* Defaults.swift */,
				B2F217F91B18B53600150DDF /* Helper.swift */,
				B21B37C31E0443AA00DD4FF3 /* JSON.swift */,
			);
			path = Libraries;
			sourceTree = "<group>";
		};
		B2D221F61B0F53A200007E79 /* Views */ = {
			isa = PBXGroup;
			children = (
				B2F218021B18B54000150DDF /* EmptyView.swift */,
				B2F218011B18B54000150DDF /* FailureView.swift */,
				B2F218001B18B54000150DDF /* LoadingView.swift */,
				B2F217FC1B18B54000150DDF /* ReplyCell.swift */,
				B263B5291B1EA36C00C56CB0 /* TopicBodyCell.swift */,
				B2F217FF1B18B54000150DDF /* TopicCell.swift */,
				B2F217FD1B18B54000150DDF /* TopicTitleCell.swift */,
				B2F217FE1B18B54000150DDF /* UserNameCell.swift */,
			);
			path = Views;
			sourceTree = "<group>";
		};
		C0D154EE6622CC1F87332BFA /* Frameworks */ = {
			isa = PBXGroup;
			children = (
				DB9E1FE7F75A5D0D9174BB74 /* Pods.framework */,
				D275C604818F1099340FBE6E /* Pods_RubyChina.framework */,
			);
			name = Frameworks;
			sourceTree = "<group>";
		};
/* End PBXGroup section */

/* Begin PBXNativeTarget section */
		B2D221C91B0B63A100007E79 /* RubyChina */ = {
			isa = PBXNativeTarget;
			buildConfigurationList = B2D221E91B0B63A200007E79 /* Build configuration list for PBXNativeTarget "RubyChina" */;
			buildPhases = (
				2BD6F40B9EDB843EA08878EE /* [CP] Check Pods Manifest.lock */,
				B2D221C61B0B63A100007E79 /* Sources */,
				B2D221C71B0B63A100007E79 /* Frameworks */,
				B2D221C81B0B63A100007E79 /* Resources */,
				B281D6B51AAEDB8CEE3F4960 /* [CP] Embed Pods Frameworks */,
				EE78CB1A99C412C0E6F28F4A /* [CP] Copy Pods Resources */,
			);
			buildRules = (
			);
			dependencies = (
			);
			name = RubyChina;
			productName = RubyChina;
			productReference = B2D221CA1B0B63A100007E79 /* RubyChina.app */;
			productType = "com.apple.product-type.application";
		};
		B2D221DE1B0B63A200007E79 /* RubyChinaTests */ = {
			isa = PBXNativeTarget;
			buildConfigurationList = B2D221EC1B0B63A200007E79 /* Build configuration list for PBXNativeTarget "RubyChinaTests" */;
			buildPhases = (
				B2D221DB1B0B63A200007E79 /* Sources */,
				B2D221DC1B0B63A200007E79 /* Frameworks */,
				B2D221DD1B0B63A200007E79 /* Resources */,
			);
			buildRules = (
			);
			dependencies = (
				B2D221E11B0B63A200007E79 /* PBXTargetDependency */,
			);
			name = RubyChinaTests;
			productName = RubyChinaTests;
			productReference = B2D221DF1B0B63A200007E79 /* RubyChinaTests.xctest */;
			productType = "com.apple.product-type.bundle.unit-test";
		};
/* End PBXNativeTarget section */

/* Begin PBXProject section */
		B2D221C21B0B63A100007E79 /* Project object */ = {
			isa = PBXProject;
			attributes = {
				LastSwiftMigration = 0700;
				LastSwiftUpdateCheck = 0700;
				LastUpgradeCheck = 0820;
				ORGANIZATIONNAME = "Jianqiu Xiao";
				TargetAttributes = {
					B2D221C91B0B63A100007E79 = {
						CreatedOnToolsVersion = 6.3.2;
						DevelopmentTeam = 4ZT4M533K7;
						LastSwiftMigration = 0820;
					};
					B2D221DE1B0B63A200007E79 = {
						CreatedOnToolsVersion = 6.3.2;
						LastSwiftMigration = 0820;
						TestTargetID = B2D221C91B0B63A100007E79;
					};
				};
			};
			buildConfigurationList = B2D221C51B0B63A100007E79 /* Build configuration list for PBXProject "RubyChina" */;
			compatibilityVersion = "Xcode 3.2";
			developmentRegion = English;
			hasScannedForEncodings = 0;
			knownRegions = (
				en,
				Base,
			);
			mainGroup = B2D221C11B0B63A100007E79;
			productRefGroup = B2D221CB1B0B63A100007E79 /* Products */;
			projectDirPath = "";
			projectRoot = "";
			targets = (
				B2D221C91B0B63A100007E79 /* RubyChina */,
				B2D221DE1B0B63A200007E79 /* RubyChinaTests */,
			);
		};
/* End PBXProject section */

/* Begin PBXResourcesBuildPhase section */
		B2D221C81B0B63A100007E79 /* Resources */ = {
			isa = PBXResourcesBuildPhase;
			buildActionMask = 2147483647;
			files = (
				B2D221D71B0B63A100007E79 /* Images.xcassets in Resources */,
				B24128AC1B2D3FDC0006AEF9 /* DateTools.bundle in Resources */,
			);
			runOnlyForDeploymentPostprocessing = 0;
		};
		B2D221DD1B0B63A200007E79 /* Resources */ = {
			isa = PBXResourcesBuildPhase;
			buildActionMask = 2147483647;
			files = (
			);
			runOnlyForDeploymentPostprocessing = 0;
		};
/* End PBXResourcesBuildPhase section */

/* Begin PBXShellScriptBuildPhase section */
		2BD6F40B9EDB843EA08878EE /* [CP] Check Pods Manifest.lock */ = {
			isa = PBXShellScriptBuildPhase;
			buildActionMask = 2147483647;
			files = (
			);
			inputPaths = (
			);
			name = "[CP] Check Pods Manifest.lock";
			outputPaths = (
			);
			runOnlyForDeploymentPostprocessing = 0;
			shellPath = /bin/sh;
			shellScript = "diff \"${PODS_ROOT}/../Podfile.lock\" \"${PODS_ROOT}/Manifest.lock\" > /dev/null\nif [ $? != 0 ] ; then\n    # print error to STDERR\n    echo \"error: The sandbox is not in sync with the Podfile.lock. Run 'pod install' or update your CocoaPods installation.\" >&2\n    exit 1\nfi\n";
			showEnvVarsInLog = 0;
		};
		B281D6B51AAEDB8CEE3F4960 /* [CP] Embed Pods Frameworks */ = {
			isa = PBXShellScriptBuildPhase;
			buildActionMask = 2147483647;
			files = (
			);
			inputPaths = (
			);
			name = "[CP] Embed Pods Frameworks";
			outputPaths = (
			);
			runOnlyForDeploymentPostprocessing = 0;
			shellPath = /bin/sh;
			shellScript = "\"${SRCROOT}/Pods/Target Support Files/Pods-RubyChina/Pods-RubyChina-frameworks.sh\"\n";
			showEnvVarsInLog = 0;
		};
		EE78CB1A99C412C0E6F28F4A /* [CP] Copy Pods Resources */ = {
			isa = PBXShellScriptBuildPhase;
			buildActionMask = 2147483647;
			files = (
			);
			inputPaths = (
			);
			name = "[CP] Copy Pods Resources";
			outputPaths = (
			);
			runOnlyForDeploymentPostprocessing = 0;
			shellPath = /bin/sh;
			shellScript = "\"${SRCROOT}/Pods/Target Support Files/Pods-RubyChina/Pods-RubyChina-resources.sh\"\n";
			showEnvVarsInLog = 0;
		};
/* End PBXShellScriptBuildPhase section */

/* Begin PBXSourcesBuildPhase section */
		B2D221C61B0B63A100007E79 /* Sources */ = {
			isa = PBXSourcesBuildPhase;
			buildActionMask = 2147483647;
			files = (
				B2F217FA1B18B53600150DDF /* Defaults.swift in Sources */,
				B2F218081B18B54000150DDF /* FailureView.swift in Sources */,
				B2F218141B18B55600150DDF /* UserController.swift in Sources */,
				B2F218091B18B54000150DDF /* EmptyView.swift in Sources */,
				B2F218111B18B55600150DDF /* SignInController.swift in Sources */,
				B2F218061B18B54000150DDF /* TopicCell.swift in Sources */,
				B2F218121B18B55600150DDF /* TopicController.swift in Sources */,
				B263B52A1B1EA36C00C56CB0 /* TopicBodyCell.swift in Sources */,
				B2D221D01B0B63A100007E79 /* AppDelegate.swift in Sources */,
				B2F218101B18B55600150DDF /* NodesController.swift in Sources */,
				B2F218131B18B55600150DDF /* TopicsController.swift in Sources */,
				B2F218031B18B54000150DDF /* ReplyCell.swift in Sources */,
				B2F218151B18B55600150DDF /* WebViewController.swift in Sources */,
				B2F218041B18B54000150DDF /* TopicTitleCell.swift in Sources */,
				B2FBE70E1D5D8C5700E5DDE8 /* UIViewController.swift in Sources */,
				B21B37C41E0443AA00DD4FF3 /* JSON.swift in Sources */,
				B263B52E1B205B0B00C56CB0 /* SplitViewController.swift in Sources */,
				B22DE0DF1B1951B200888C0D /* ComposeController.swift in Sources */,
				B2F217FB1B18B53600150DDF /* Helper.swift in Sources */,
				B2F218051B18B54000150DDF /* UserNameCell.swift in Sources */,
				B2F218071B18B54000150DDF /* LoadingView.swift in Sources */,
			);
			runOnlyForDeploymentPostprocessing = 0;
		};
		B2D221DB1B0B63A200007E79 /* Sources */ = {
			isa = PBXSourcesBuildPhase;
			buildActionMask = 2147483647;
			files = (
				B2D221E61B0B63A200007E79 /* RubyChinaTests.swift in Sources */,
			);
			runOnlyForDeploymentPostprocessing = 0;
		};
/* End PBXSourcesBuildPhase section */

/* Begin PBXTargetDependency section */
		B2D221E11B0B63A200007E79 /* PBXTargetDependency */ = {
			isa = PBXTargetDependency;
			target = B2D221C91B0B63A100007E79 /* RubyChina */;
			targetProxy = B2D221E01B0B63A200007E79 /* PBXContainerItemProxy */;
		};
/* End PBXTargetDependency section */

/* Begin XCBuildConfiguration section */
		B2D221E71B0B63A200007E79 /* Debug */ = {
			isa = XCBuildConfiguration;
			buildSettings = {
				ALWAYS_SEARCH_USER_PATHS = NO;
				CLANG_CXX_LANGUAGE_STANDARD = "gnu++0x";
				CLANG_CXX_LIBRARY = "libc++";
				CLANG_ENABLE_MODULES = YES;
				CLANG_ENABLE_OBJC_ARC = YES;
				CLANG_WARN_BOOL_CONVERSION = YES;
				CLANG_WARN_CONSTANT_CONVERSION = YES;
				CLANG_WARN_DIRECT_OBJC_ISA_USAGE = YES_ERROR;
				CLANG_WARN_EMPTY_BODY = YES;
				CLANG_WARN_ENUM_CONVERSION = YES;
				CLANG_WARN_INFINITE_RECURSION = YES;
				CLANG_WARN_INT_CONVERSION = YES;
				CLANG_WARN_OBJC_ROOT_CLASS = YES_ERROR;
				CLANG_WARN_SUSPICIOUS_MOVE = YES;
				CLANG_WARN_UNREACHABLE_CODE = YES;
				CLANG_WARN__DUPLICATE_METHOD_MATCH = YES;
				"CODE_SIGN_IDENTITY[sdk=iphoneos*]" = "iPhone Developer";
				COPY_PHASE_STRIP = NO;
				DEBUG_INFORMATION_FORMAT = "dwarf-with-dsym";
				ENABLE_STRICT_OBJC_MSGSEND = YES;
				ENABLE_TESTABILITY = YES;
				GCC_C_LANGUAGE_STANDARD = gnu99;
				GCC_DYNAMIC_NO_PIC = NO;
				GCC_NO_COMMON_BLOCKS = YES;
				GCC_OPTIMIZATION_LEVEL = 0;
				GCC_PREPROCESSOR_DEFINITIONS = (
					"DEBUG=1",
					"$(inherited)",
				);
				GCC_SYMBOLS_PRIVATE_EXTERN = NO;
				GCC_WARN_64_TO_32_BIT_CONVERSION = YES;
				GCC_WARN_ABOUT_RETURN_TYPE = YES_ERROR;
				GCC_WARN_UNDECLARED_SELECTOR = YES;
				GCC_WARN_UNINITIALIZED_AUTOS = YES_AGGRESSIVE;
				GCC_WARN_UNUSED_FUNCTION = YES;
				GCC_WARN_UNUSED_VARIABLE = YES;
				IPHONEOS_DEPLOYMENT_TARGET = 8.2;
				MTL_ENABLE_DEBUG_INFO = YES;
				ONLY_ACTIVE_ARCH = YES;
				SDKROOT = iphoneos;
				SWIFT_OPTIMIZATION_LEVEL = "-Onone";
				TARGETED_DEVICE_FAMILY = "1,2";
			};
			name = Debug;
		};
		B2D221E81B0B63A200007E79 /* Release */ = {
			isa = XCBuildConfiguration;
			buildSettings = {
				ALWAYS_SEARCH_USER_PATHS = NO;
				CLANG_CXX_LANGUAGE_STANDARD = "gnu++0x";
				CLANG_CXX_LIBRARY = "libc++";
				CLANG_ENABLE_MODULES = YES;
				CLANG_ENABLE_OBJC_ARC = YES;
				CLANG_WARN_BOOL_CONVERSION = YES;
				CLANG_WARN_CONSTANT_CONVERSION = YES;
				CLANG_WARN_DIRECT_OBJC_ISA_USAGE = YES_ERROR;
				CLANG_WARN_EMPTY_BODY = YES;
				CLANG_WARN_ENUM_CONVERSION = YES;
				CLANG_WARN_INFINITE_RECURSION = YES;
				CLANG_WARN_INT_CONVERSION = YES;
				CLANG_WARN_OBJC_ROOT_CLASS = YES_ERROR;
				CLANG_WARN_SUSPICIOUS_MOVE = YES;
				CLANG_WARN_UNREACHABLE_CODE = YES;
				CLANG_WARN__DUPLICATE_METHOD_MATCH = YES;
				"CODE_SIGN_IDENTITY[sdk=iphoneos*]" = "iPhone Developer";
				COPY_PHASE_STRIP = NO;
				DEBUG_INFORMATION_FORMAT = "dwarf-with-dsym";
				ENABLE_NS_ASSERTIONS = NO;
				ENABLE_STRICT_OBJC_MSGSEND = YES;
				GCC_C_LANGUAGE_STANDARD = gnu99;
				GCC_NO_COMMON_BLOCKS = YES;
				GCC_WARN_64_TO_32_BIT_CONVERSION = YES;
				GCC_WARN_ABOUT_RETURN_TYPE = YES_ERROR;
				GCC_WARN_UNDECLARED_SELECTOR = YES;
				GCC_WARN_UNINITIALIZED_AUTOS = YES_AGGRESSIVE;
				GCC_WARN_UNUSED_FUNCTION = YES;
				GCC_WARN_UNUSED_VARIABLE = YES;
				IPHONEOS_DEPLOYMENT_TARGET = 8.2;
				MTL_ENABLE_DEBUG_INFO = NO;
				SDKROOT = iphoneos;
				SWIFT_OPTIMIZATION_LEVEL = "-Owholemodule";
				TARGETED_DEVICE_FAMILY = "1,2";
				VALIDATE_PRODUCT = YES;
			};
			name = Release;
		};
		B2D221EA1B0B63A200007E79 /* Debug */ = {
			isa = XCBuildConfiguration;
			baseConfigurationReference = 9D16BBFE6D5CF11FD5D5AEFA /* Pods-RubyChina.debug.xcconfig */;
			buildSettings = {
				ALWAYS_EMBED_SWIFT_STANDARD_LIBRARIES = YES;
				ASSETCATALOG_COMPILER_APPICON_NAME = AppIcon;
				ASSETCATALOG_COMPILER_LAUNCHIMAGE_NAME = LaunchImage;
				CODE_SIGN_IDENTITY = "iPhone Developer";
				INFOPLIST_FILE = RubyChina/Info.plist;
				LD_RUNPATH_SEARCH_PATHS = "$(inherited) @executable_path/Frameworks";
				PRODUCT_BUNDLE_IDENTIFIER = "com.secipin.ruby-china";
				PRODUCT_NAME = "$(TARGET_NAME)";
				SWIFT_OBJC_BRIDGING_HEADER = "RubyChina/Bridging-Header.h";
				SWIFT_VERSION = 3.0;
				USER_HEADER_SEARCH_PATHS = "$(SRCROOT)/Pods/**";
			};
			name = Debug;
		};
		B2D221EB1B0B63A200007E79 /* Release */ = {
			isa = XCBuildConfiguration;
			baseConfigurationReference = 66F00C90339BFEFF2988116C /* Pods-RubyChina.release.xcconfig */;
			buildSettings = {
				ALWAYS_EMBED_SWIFT_STANDARD_LIBRARIES = YES;
				ASSETCATALOG_COMPILER_APPICON_NAME = AppIcon;
				ASSETCATALOG_COMPILER_LAUNCHIMAGE_NAME = LaunchImage;
				CODE_SIGN_IDENTITY = "iPhone Developer";
				INFOPLIST_FILE = RubyChina/Info.plist;
				LD_RUNPATH_SEARCH_PATHS = "$(inherited) @executable_path/Frameworks";
				PRODUCT_BUNDLE_IDENTIFIER = "com.secipin.ruby-china";
				PRODUCT_NAME = "$(TARGET_NAME)";
				SWIFT_OBJC_BRIDGING_HEADER = "RubyChina/Bridging-Header.h";
				SWIFT_VERSION = 3.0;
				USER_HEADER_SEARCH_PATHS = "$(SRCROOT)/Pods/**";
			};
			name = Release;
		};
		B2D221ED1B0B63A200007E79 /* Debug */ = {
			isa = XCBuildConfiguration;
			buildSettings = {
				BUNDLE_LOADER = "$(TEST_HOST)";
				GCC_PREPROCESSOR_DEFINITIONS = (
					"DEBUG=1",
					"$(inherited)",
				);
				INFOPLIST_FILE = RubyChinaTests/Info.plist;
				LD_RUNPATH_SEARCH_PATHS = "$(inherited) @executable_path/Frameworks @loader_path/Frameworks";
				PRODUCT_BUNDLE_IDENTIFIER = "com.yourcompany.$(PRODUCT_NAME:rfc1034identifier)";
				PRODUCT_NAME = "$(TARGET_NAME)";
				SWIFT_VERSION = 3.0;
				TEST_HOST = "$(BUILT_PRODUCTS_DIR)/RubyChina.app/RubyChina";
			};
			name = Debug;
		};
		B2D221EE1B0B63A200007E79 /* Release */ = {
			isa = XCBuildConfiguration;
			buildSettings = {
				BUNDLE_LOADER = "$(TEST_HOST)";
				INFOPLIST_FILE = RubyChinaTests/Info.plist;
				LD_RUNPATH_SEARCH_PATHS = "$(inherited) @executable_path/Frameworks @loader_path/Frameworks";
				PRODUCT_BUNDLE_IDENTIFIER = "com.yourcompany.$(PRODUCT_NAME:rfc1034identifier)";
				PRODUCT_NAME = "$(TARGET_NAME)";
				SWIFT_VERSION = 3.0;
				TEST_HOST = "$(BUILT_PRODUCTS_DIR)/RubyChina.app/RubyChina";
			};
			name = Release;
		};
/* End XCBuildConfiguration section */

/* Begin XCConfigurationList section */
		B2D221C51B0B63A100007E79 /* Build configuration list for PBXProject "RubyChina" */ = {
			isa = XCConfigurationList;
			buildConfigurations = (
				B2D221E71B0B63A200007E79 /* Debug */,
				B2D221E81B0B63A200007E79 /* Release */,
			);
			defaultConfigurationIsVisible = 0;
			defaultConfigurationName = Release;
		};
		B2D221E91B0B63A200007E79 /* Build configuration list for PBXNativeTarget "RubyChina" */ = {
			isa = XCConfigurationList;
			buildConfigurations = (
				B2D221EA1B0B63A200007E79 /* Debug */,
				B2D221EB1B0B63A200007E79 /* Release */,
			);
			defaultConfigurationIsVisible = 0;
			defaultConfigurationName = Release;
		};
		B2D221EC1B0B63A200007E79 /* Build configuration list for PBXNativeTarget "RubyChinaTests" */ = {
			isa = XCConfigurationList;
			buildConfigurations = (
				B2D221ED1B0B63A200007E79 /* Debug */,
				B2D221EE1B0B63A200007E79 /* Release */,
			);
			defaultConfigurationIsVisible = 0;
			defaultConfigurationName = Release;
		};
/* End XCConfigurationList section */
	};
	rootObject = B2D221C21B0B63A100007E79 /* Project object */;
}
