// !$*UTF8*$!
{
	archiveVersion = 1;
	classes = {
	};
	objectVersion = 51;
	objects = {

/* Begin PBXBuildFile section */
		86B4C77205A02BC2E8E9B0D8 /* Pods_RubyChina.framework in Frameworks */ = {isa = PBXBuildFile; fileRef = E6D592D33932D0C462CA03AE /* Pods_RubyChina.framework */; };
		B21B84E6233B8943007AAD4E /* GoogleService-Info.plist in Resources */ = {isa = PBXBuildFile; fileRef = B21B84E5233B8943007AAD4E /* GoogleService-Info.plist */; };
		B21BA5F822B3F66E004433F3 /* UIImageView.swift in Sources */ = {isa = PBXBuildFile; fileRef = B21BA5F722B3F66E004433F3 /* UIImageView.swift */; };
		B21BA5FA22B3FAD6004433F3 /* AccountController.swift in Sources */ = {isa = PBXBuildFile; fileRef = B21BA5F922B3FAD6004433F3 /* AccountController.swift */; };
		B21BA5FC22B3FB08004433F3 /* UserController.swift in Sources */ = {isa = PBXBuildFile; fileRef = B21BA5FB22B3FB08004433F3 /* UserController.swift */; };
		B232BBB52157CC4A0056E918 /* ActivityIndicatorView.swift in Sources */ = {isa = PBXBuildFile; fileRef = B232BBB42157CC4A0056E918 /* ActivityIndicatorView.swift */; };
		B2B919A622B5F84B0084A03B /* UserHeaderView.swift in Sources */ = {isa = PBXBuildFile; fileRef = B2B919A522B5F84B0084A03B /* UserHeaderView.swift */; };
		B2C75A28214AF03E00E0F8BD /* AppDelegate.swift in Sources */ = {isa = PBXBuildFile; fileRef = B2C75A27214AF03E00E0F8BD /* AppDelegate.swift */; };
		B2C75A2F214AF03F00E0F8BD /* Assets.xcassets in Resources */ = {isa = PBXBuildFile; fileRef = B2C75A2E214AF03F00E0F8BD /* Assets.xcassets */; };
		B2C75A32214AF03F00E0F8BD /* LaunchScreen.storyboard in Resources */ = {isa = PBXBuildFile; fileRef = B2C75A30214AF03F00E0F8BD /* LaunchScreen.storyboard */; };
		B2C75A59214AF11400E0F8BD /* Ability.swift in Sources */ = {isa = PBXBuildFile; fileRef = B2C75A3B214AF11400E0F8BD /* Ability.swift */; };
		B2C75A5A214AF11400E0F8BD /* Section.swift in Sources */ = {isa = PBXBuildFile; fileRef = B2C75A3C214AF11400E0F8BD /* Section.swift */; };
		B2C75A5B214AF11400E0F8BD /* Reply.swift in Sources */ = {isa = PBXBuildFile; fileRef = B2C75A3D214AF11400E0F8BD /* Reply.swift */; };
		B2C75A5C214AF11400E0F8BD /* User.swift in Sources */ = {isa = PBXBuildFile; fileRef = B2C75A3E214AF11400E0F8BD /* User.swift */; };
		B2C75A5D214AF11400E0F8BD /* Node.swift in Sources */ = {isa = PBXBuildFile; fileRef = B2C75A3F214AF11400E0F8BD /* Node.swift */; };
		B2C75A5E214AF11400E0F8BD /* Topic.swift in Sources */ = {isa = PBXBuildFile; fileRef = B2C75A40214AF11400E0F8BD /* Topic.swift */; };
		B2C75A5F214AF11400E0F8BD /* ViewController.swift in Sources */ = {isa = PBXBuildFile; fileRef = B2C75A42214AF11400E0F8BD /* ViewController.swift */; };
		B2C75A60214AF11400E0F8BD /* TopicController.swift in Sources */ = {isa = PBXBuildFile; fileRef = B2C75A43214AF11400E0F8BD /* TopicController.swift */; };
		B2C75A61214AF11400E0F8BD /* SignInController.swift in Sources */ = {isa = PBXBuildFile; fileRef = B2C75A44214AF11400E0F8BD /* SignInController.swift */; };
		B2C75A63214AF11400E0F8BD /* TopicsController.swift in Sources */ = {isa = PBXBuildFile; fileRef = B2C75A46214AF11400E0F8BD /* TopicsController.swift */; };
		B2C75A64214AF11400E0F8BD /* WebViewController.swift in Sources */ = {isa = PBXBuildFile; fileRef = B2C75A47214AF11400E0F8BD /* WebViewController.swift */; };
		B2C75A65214AF11400E0F8BD /* ComposeController.swift in Sources */ = {isa = PBXBuildFile; fileRef = B2C75A48214AF11400E0F8BD /* ComposeController.swift */; };
		B2C75A66214AF11400E0F8BD /* NodesController.swift in Sources */ = {isa = PBXBuildFile; fileRef = B2C75A49214AF11400E0F8BD /* NodesController.swift */; };
		B2C75A68214AF11400E0F8BD /* UIView.swift in Sources */ = {isa = PBXBuildFile; fileRef = B2C75A4C214AF11400E0F8BD /* UIView.swift */; };
		B2C75A69214AF11400E0F8BD /* NetworkErrorView.swift in Sources */ = {isa = PBXBuildFile; fileRef = B2C75A4D214AF11400E0F8BD /* NetworkErrorView.swift */; };
		B2C75A6A214AF11400E0F8BD /* AccountNameCell.swift in Sources */ = {isa = PBXBuildFile; fileRef = B2C75A4F214AF11400E0F8BD /* AccountNameCell.swift */; };
		B2C75A6B214AF11400E0F8BD /* TopicWebCell.swift in Sources */ = {isa = PBXBuildFile; fileRef = B2C75A51214AF11400E0F8BD /* TopicWebCell.swift */; };
		B2C75A6C214AF11400E0F8BD /* TopicTitleCell.swift in Sources */ = {isa = PBXBuildFile; fileRef = B2C75A52214AF11400E0F8BD /* TopicTitleCell.swift */; };
		B2C75A6D214AF11400E0F8BD /* TopicReplyCell.swift in Sources */ = {isa = PBXBuildFile; fileRef = B2C75A53214AF11400E0F8BD /* TopicReplyCell.swift */; };
		B2C75A6E214AF11400E0F8BD /* TopicReplyDeletedCell.swift in Sources */ = {isa = PBXBuildFile; fileRef = B2C75A54214AF11400E0F8BD /* TopicReplyDeletedCell.swift */; };
		B2C75A6F214AF11400E0F8BD /* TopicBodyCell.swift in Sources */ = {isa = PBXBuildFile; fileRef = B2C75A55214AF11400E0F8BD /* TopicBodyCell.swift */; };
		B2C75A70214AF11400E0F8BD /* NoContentView.swift in Sources */ = {isa = PBXBuildFile; fileRef = B2C75A56214AF11400E0F8BD /* NoContentView.swift */; };
		B2C75A71214AF11400E0F8BD /* TopicsCell.swift in Sources */ = {isa = PBXBuildFile; fileRef = B2C75A58214AF11400E0F8BD /* TopicsCell.swift */; };
		B2C75A74214AF13400E0F8BD /* README.md in Resources */ = {isa = PBXBuildFile; fileRef = B2C75A72214AF13400E0F8BD /* README.md */; };
/* End PBXBuildFile section */

/* Begin PBXFileReference section */
		0FE2E6E1DE4036A297BCCA25 /* Pods-RubyChina.release.xcconfig */ = {isa = PBXFileReference; includeInIndex = 1; lastKnownFileType = text.xcconfig; name = "Pods-RubyChina.release.xcconfig"; path = "Pods/Target Support Files/Pods-RubyChina/Pods-RubyChina.release.xcconfig"; sourceTree = "<group>"; };
		313CBE91D4221E7BF3DE918B /* Pods-RubyChina.debug.xcconfig */ = {isa = PBXFileReference; includeInIndex = 1; lastKnownFileType = text.xcconfig; name = "Pods-RubyChina.debug.xcconfig"; path = "Pods/Target Support Files/Pods-RubyChina/Pods-RubyChina.debug.xcconfig"; sourceTree = "<group>"; };
		B20CF8FA214AF94800A4D6C6 /* RubyChina.entitlements */ = {isa = PBXFileReference; fileEncoding = 4; lastKnownFileType = text.plist.entitlements; path = RubyChina.entitlements; sourceTree = "<group>"; };
		B21B84E5233B8943007AAD4E /* GoogleService-Info.plist */ = {isa = PBXFileReference; fileEncoding = 4; lastKnownFileType = text.plist.xml; path = "GoogleService-Info.plist"; sourceTree = "<group>"; };
		B21B84E7233B9485007AAD4E /* zh-Hans */ = {isa = PBXFileReference; lastKnownFileType = file.storyboard; name = "zh-Hans"; path = "zh-Hans.lproj/LaunchScreen.storyboard"; sourceTree = "<group>"; };
		B21BA5F722B3F66E004433F3 /* UIImageView.swift */ = {isa = PBXFileReference; lastKnownFileType = sourcecode.swift; path = UIImageView.swift; sourceTree = "<group>"; };
		B21BA5F922B3FAD6004433F3 /* AccountController.swift */ = {isa = PBXFileReference; fileEncoding = 4; lastKnownFileType = sourcecode.swift; path = AccountController.swift; sourceTree = "<group>"; };
		B21BA5FB22B3FB08004433F3 /* UserController.swift */ = {isa = PBXFileReference; lastKnownFileType = sourcecode.swift; path = UserController.swift; sourceTree = "<group>"; };
		B232BBB42157CC4A0056E918 /* ActivityIndicatorView.swift */ = {isa = PBXFileReference; lastKnownFileType = sourcecode.swift; path = ActivityIndicatorView.swift; sourceTree = "<group>"; };
		B2B919A522B5F84B0084A03B /* UserHeaderView.swift */ = {isa = PBXFileReference; lastKnownFileType = sourcecode.swift; path = UserHeaderView.swift; sourceTree = "<group>"; };
		B2C75A24214AF03E00E0F8BD /* RubyChina.app */ = {isa = PBXFileReference; explicitFileType = wrapper.application; includeInIndex = 0; path = RubyChina.app; sourceTree = BUILT_PRODUCTS_DIR; };
		B2C75A27214AF03E00E0F8BD /* AppDelegate.swift */ = {isa = PBXFileReference; lastKnownFileType = sourcecode.swift; path = AppDelegate.swift; sourceTree = "<group>"; };
		B2C75A2E214AF03F00E0F8BD /* Assets.xcassets */ = {isa = PBXFileReference; lastKnownFileType = folder.assetcatalog; path = Assets.xcassets; sourceTree = "<group>"; };
		B2C75A33214AF03F00E0F8BD /* Info.plist */ = {isa = PBXFileReference; lastKnownFileType = text.plist.xml; path = Info.plist; sourceTree = "<group>"; };
		B2C75A3B214AF11400E0F8BD /* Ability.swift */ = {isa = PBXFileReference; fileEncoding = 4; lastKnownFileType = sourcecode.swift; path = Ability.swift; sourceTree = "<group>"; };
		B2C75A3C214AF11400E0F8BD /* Section.swift */ = {isa = PBXFileReference; fileEncoding = 4; lastKnownFileType = sourcecode.swift; path = Section.swift; sourceTree = "<group>"; };
		B2C75A3D214AF11400E0F8BD /* Reply.swift */ = {isa = PBXFileReference; fileEncoding = 4; lastKnownFileType = sourcecode.swift; path = Reply.swift; sourceTree = "<group>"; };
		B2C75A3E214AF11400E0F8BD /* User.swift */ = {isa = PBXFileReference; fileEncoding = 4; lastKnownFileType = sourcecode.swift; path = User.swift; sourceTree = "<group>"; };
		B2C75A3F214AF11400E0F8BD /* Node.swift */ = {isa = PBXFileReference; fileEncoding = 4; lastKnownFileType = sourcecode.swift; path = Node.swift; sourceTree = "<group>"; };
		B2C75A40214AF11400E0F8BD /* Topic.swift */ = {isa = PBXFileReference; fileEncoding = 4; lastKnownFileType = sourcecode.swift; path = Topic.swift; sourceTree = "<group>"; };
		B2C75A42214AF11400E0F8BD /* ViewController.swift */ = {isa = PBXFileReference; fileEncoding = 4; lastKnownFileType = sourcecode.swift; path = ViewController.swift; sourceTree = "<group>"; };
		B2C75A43214AF11400E0F8BD /* TopicController.swift */ = {isa = PBXFileReference; fileEncoding = 4; lastKnownFileType = sourcecode.swift; path = TopicController.swift; sourceTree = "<group>"; };
		B2C75A44214AF11400E0F8BD /* SignInController.swift */ = {isa = PBXFileReference; fileEncoding = 4; lastKnownFileType = sourcecode.swift; path = SignInController.swift; sourceTree = "<group>"; };
		B2C75A46214AF11400E0F8BD /* TopicsController.swift */ = {isa = PBXFileReference; fileEncoding = 4; lastKnownFileType = sourcecode.swift; path = TopicsController.swift; sourceTree = "<group>"; };
		B2C75A47214AF11400E0F8BD /* WebViewController.swift */ = {isa = PBXFileReference; fileEncoding = 4; lastKnownFileType = sourcecode.swift; path = WebViewController.swift; sourceTree = "<group>"; };
		B2C75A48214AF11400E0F8BD /* ComposeController.swift */ = {isa = PBXFileReference; fileEncoding = 4; lastKnownFileType = sourcecode.swift; path = ComposeController.swift; sourceTree = "<group>"; };
		B2C75A49214AF11400E0F8BD /* NodesController.swift */ = {isa = PBXFileReference; fileEncoding = 4; lastKnownFileType = sourcecode.swift; path = NodesController.swift; sourceTree = "<group>"; };
		B2C75A4C214AF11400E0F8BD /* UIView.swift */ = {isa = PBXFileReference; fileEncoding = 4; lastKnownFileType = sourcecode.swift; path = UIView.swift; sourceTree = "<group>"; };
		B2C75A4D214AF11400E0F8BD /* NetworkErrorView.swift */ = {isa = PBXFileReference; fileEncoding = 4; lastKnownFileType = sourcecode.swift; path = NetworkErrorView.swift; sourceTree = "<group>"; };
		B2C75A4F214AF11400E0F8BD /* AccountNameCell.swift */ = {isa = PBXFileReference; fileEncoding = 4; lastKnownFileType = sourcecode.swift; path = AccountNameCell.swift; sourceTree = "<group>"; };
		B2C75A51214AF11400E0F8BD /* TopicWebCell.swift */ = {isa = PBXFileReference; fileEncoding = 4; lastKnownFileType = sourcecode.swift; path = TopicWebCell.swift; sourceTree = "<group>"; };
		B2C75A52214AF11400E0F8BD /* TopicTitleCell.swift */ = {isa = PBXFileReference; fileEncoding = 4; lastKnownFileType = sourcecode.swift; path = TopicTitleCell.swift; sourceTree = "<group>"; };
		B2C75A53214AF11400E0F8BD /* TopicReplyCell.swift */ = {isa = PBXFileReference; fileEncoding = 4; lastKnownFileType = sourcecode.swift; path = TopicReplyCell.swift; sourceTree = "<group>"; };
		B2C75A54214AF11400E0F8BD /* TopicReplyDeletedCell.swift */ = {isa = PBXFileReference; fileEncoding = 4; lastKnownFileType = sourcecode.swift; path = TopicReplyDeletedCell.swift; sourceTree = "<group>"; };
		B2C75A55214AF11400E0F8BD /* TopicBodyCell.swift */ = {isa = PBXFileReference; fileEncoding = 4; lastKnownFileType = sourcecode.swift; path = TopicBodyCell.swift; sourceTree = "<group>"; };
		B2C75A56214AF11400E0F8BD /* NoContentView.swift */ = {isa = PBXFileReference; fileEncoding = 4; lastKnownFileType = sourcecode.swift; path = NoContentView.swift; sourceTree = "<group>"; };
		B2C75A58214AF11400E0F8BD /* TopicsCell.swift */ = {isa = PBXFileReference; fileEncoding = 4; lastKnownFileType = sourcecode.swift; path = TopicsCell.swift; sourceTree = "<group>"; };
		B2C75A72214AF13400E0F8BD /* README.md */ = {isa = PBXFileReference; fileEncoding = 4; lastKnownFileType = net.daringfireball.markdown; path = README.md; sourceTree = "<group>"; };
		E6D592D33932D0C462CA03AE /* Pods_RubyChina.framework */ = {isa = PBXFileReference; explicitFileType = wrapper.framework; includeInIndex = 0; path = Pods_RubyChina.framework; sourceTree = BUILT_PRODUCTS_DIR; };
/* End PBXFileReference section */

/* Begin PBXFrameworksBuildPhase section */
		B2C75A21214AF03E00E0F8BD /* Frameworks */ = {
			isa = PBXFrameworksBuildPhase;
			buildActionMask = 2147483647;
			files = (
				86B4C77205A02BC2E8E9B0D8 /* Pods_RubyChina.framework in Frameworks */,
			);
			runOnlyForDeploymentPostprocessing = 0;
		};
/* End PBXFrameworksBuildPhase section */

/* Begin PBXGroup section */
		6369EB41765FF5D28A3BCAD5 /* Pods */ = {
			isa = PBXGroup;
			children = (
				313CBE91D4221E7BF3DE918B /* Pods-RubyChina.debug.xcconfig */,
				0FE2E6E1DE4036A297BCCA25 /* Pods-RubyChina.release.xcconfig */,
			);
			name = Pods;
			sourceTree = "<group>";
		};
		B2B919A422B5F8270084A03B /* User */ = {
			isa = PBXGroup;
			children = (
				B2B919A522B5F84B0084A03B /* UserHeaderView.swift */,
			);
			path = User;
			sourceTree = "<group>";
		};
		B2C75A1B214AF03E00E0F8BD = {
			isa = PBXGroup;
			children = (
				B2C75A72214AF13400E0F8BD /* README.md */,
				B2C75A26214AF03E00E0F8BD /* RubyChina */,
				B2C75A25214AF03E00E0F8BD /* Products */,
				6369EB41765FF5D28A3BCAD5 /* Pods */,
				BE35E73C6C0A8C80420A82DE /* Frameworks */,
			);
			sourceTree = "<group>";
		};
		B2C75A25214AF03E00E0F8BD /* Products */ = {
			isa = PBXGroup;
			children = (
				B2C75A24214AF03E00E0F8BD /* RubyChina.app */,
			);
			name = Products;
			sourceTree = "<group>";
		};
		B2C75A26214AF03E00E0F8BD /* RubyChina */ = {
			isa = PBXGroup;
			children = (
				B2C75A27214AF03E00E0F8BD /* AppDelegate.swift */,
				B2C75A2E214AF03F00E0F8BD /* Assets.xcassets */,
				B2C75A39214AF11400E0F8BD /* Classes */,
				B21B84E5233B8943007AAD4E /* GoogleService-Info.plist */,
				B2C75A33214AF03F00E0F8BD /* Info.plist */,
				B2C75A30214AF03F00E0F8BD /* LaunchScreen.storyboard */,
				B20CF8FA214AF94800A4D6C6 /* RubyChina.entitlements */,
			);
			path = RubyChina;
			sourceTree = "<group>";
		};
		B2C75A39214AF11400E0F8BD /* Classes */ = {
			isa = PBXGroup;
			children = (
				B2C75A41214AF11400E0F8BD /* Controllers */,
				B2C75A3A214AF11400E0F8BD /* Models */,
				B2C75A4B214AF11400E0F8BD /* Views */,
			);
			path = Classes;
			sourceTree = "<group>";
		};
		B2C75A3A214AF11400E0F8BD /* Models */ = {
			isa = PBXGroup;
			children = (
				B2C75A3B214AF11400E0F8BD /* Ability.swift */,
				B2C75A3F214AF11400E0F8BD /* Node.swift */,
				B2C75A3D214AF11400E0F8BD /* Reply.swift */,
				B2C75A3C214AF11400E0F8BD /* Section.swift */,
				B2C75A40214AF11400E0F8BD /* Topic.swift */,
				B2C75A3E214AF11400E0F8BD /* User.swift */,
			);
			path = Models;
			sourceTree = "<group>";
		};
		B2C75A41214AF11400E0F8BD /* Controllers */ = {
			isa = PBXGroup;
			children = (
				B21BA5F922B3FAD6004433F3 /* AccountController.swift */,
				B2C75A48214AF11400E0F8BD /* ComposeController.swift */,
				B2C75A49214AF11400E0F8BD /* NodesController.swift */,
				B2C75A44214AF11400E0F8BD /* SignInController.swift */,
				B2C75A43214AF11400E0F8BD /* TopicController.swift */,
				B2C75A46214AF11400E0F8BD /* TopicsController.swift */,
				B21BA5FB22B3FB08004433F3 /* UserController.swift */,
				B2C75A42214AF11400E0F8BD /* ViewController.swift */,
				B2C75A47214AF11400E0F8BD /* WebViewController.swift */,
			);
			path = Controllers;
			sourceTree = "<group>";
		};
		B2C75A4B214AF11400E0F8BD /* Views */ = {
			isa = PBXGroup;
			children = (
				B2C75A4E214AF11400E0F8BD /* Account */,
				B232BBB42157CC4A0056E918 /* ActivityIndicatorView.swift */,
				B2C75A4D214AF11400E0F8BD /* NetworkErrorView.swift */,
				B2C75A56214AF11400E0F8BD /* NoContentView.swift */,
				B2C75A50214AF11400E0F8BD /* Topic */,
				B2C75A57214AF11400E0F8BD /* Topics */,
				B21BA5F722B3F66E004433F3 /* UIImageView.swift */,
				B2C75A4C214AF11400E0F8BD /* UIView.swift */,
				B2B919A422B5F8270084A03B /* User */,
			);
			path = Views;
			sourceTree = "<group>";
		};
		B2C75A4E214AF11400E0F8BD /* Account */ = {
			isa = PBXGroup;
			children = (
				B2C75A4F214AF11400E0F8BD /* AccountNameCell.swift */,
			);
			path = Account;
			sourceTree = "<group>";
		};
		B2C75A50214AF11400E0F8BD /* Topic */ = {
			isa = PBXGroup;
			children = (
				B2C75A55214AF11400E0F8BD /* TopicBodyCell.swift */,
				B2C75A53214AF11400E0F8BD /* TopicReplyCell.swift */,
				B2C75A54214AF11400E0F8BD /* TopicReplyDeletedCell.swift */,
				B2C75A52214AF11400E0F8BD /* TopicTitleCell.swift */,
				B2C75A51214AF11400E0F8BD /* TopicWebCell.swift */,
			);
			path = Topic;
			sourceTree = "<group>";
		};
		B2C75A57214AF11400E0F8BD /* Topics */ = {
			isa = PBXGroup;
			children = (
				B2C75A58214AF11400E0F8BD /* TopicsCell.swift */,
			);
			path = Topics;
			sourceTree = "<group>";
		};
		BE35E73C6C0A8C80420A82DE /* Frameworks */ = {
			isa = PBXGroup;
			children = (
				E6D592D33932D0C462CA03AE /* Pods_RubyChina.framework */,
			);
			name = Frameworks;
			sourceTree = "<group>";
		};
/* End PBXGroup section */

/* Begin PBXNativeTarget section */
		B2C75A23214AF03E00E0F8BD /* RubyChina */ = {
			isa = PBXNativeTarget;
			buildConfigurationList = B2C75A36214AF03F00E0F8BD /* Build configuration list for PBXNativeTarget "RubyChina" */;
			buildPhases = (
				EB499744B98C5326389F5D04 /* [CP] Check Pods Manifest.lock */,
				B2C75A20214AF03E00E0F8BD /* Sources */,
				B2C75A21214AF03E00E0F8BD /* Frameworks */,
				B2C75A22214AF03E00E0F8BD /* Resources */,
				AFDA934C4179AA4C43AD5B31 /* [CP] Embed Pods Frameworks */,
				B2DA4D20214AFA5000189C11 /* ShellScript */,
			);
			buildRules = (
			);
			dependencies = (
			);
			name = RubyChina;
			productName = RubyChina;
			productReference = B2C75A24214AF03E00E0F8BD /* RubyChina.app */;
			productType = "com.apple.product-type.application";
		};
/* End PBXNativeTarget section */

/* Begin PBXProject section */
		B2C75A1C214AF03E00E0F8BD /* Project object */ = {
			isa = PBXProject;
			attributes = {
				LastSwiftUpdateCheck = 1000;
				LastUpgradeCheck = 1000;
				ORGANIZATIONNAME = "Jianqiu Xiao";
				TargetAttributes = {
					B2C75A23214AF03E00E0F8BD = {
						CreatedOnToolsVersion = 10.0;
						LastSwiftMigration = 1100;
						SystemCapabilities = {
							com.apple.SafariKeychain = {
								enabled = 1;
							};
						};
					};
				};
			};
			buildConfigurationList = B2C75A1F214AF03E00E0F8BD /* Build configuration list for PBXProject "RubyChina" */;
			compatibilityVersion = "Xcode 9.3";
			developmentRegion = "zh-Hans";
			hasScannedForEncodings = 0;
			knownRegions = (
				"zh-Hans",
			);
			mainGroup = B2C75A1B214AF03E00E0F8BD;
			productRefGroup = B2C75A25214AF03E00E0F8BD /* Products */;
			projectDirPath = "";
			projectRoot = "";
			targets = (
				B2C75A23214AF03E00E0F8BD /* RubyChina */,
			);
		};
/* End PBXProject section */

/* Begin PBXResourcesBuildPhase section */
		B2C75A22214AF03E00E0F8BD /* Resources */ = {
			isa = PBXResourcesBuildPhase;
			buildActionMask = 2147483647;
			files = (
				B2C75A32214AF03F00E0F8BD /* LaunchScreen.storyboard in Resources */,
				B21B84E6233B8943007AAD4E /* GoogleService-Info.plist in Resources */,
				B2C75A2F214AF03F00E0F8BD /* Assets.xcassets in Resources */,
				B2C75A74214AF13400E0F8BD /* README.md in Resources */,
			);
			runOnlyForDeploymentPostprocessing = 0;
		};
/* End PBXResourcesBuildPhase section */

/* Begin PBXShellScriptBuildPhase section */
		AFDA934C4179AA4C43AD5B31 /* [CP] Embed Pods Frameworks */ = {
			isa = PBXShellScriptBuildPhase;
			buildActionMask = 2147483647;
			files = (
			);
			inputFileListPaths = (
				"${PODS_ROOT}/Target Support Files/Pods-RubyChina/Pods-RubyChina-frameworks-${CONFIGURATION}-input-files.xcfilelist",
			);
			name = "[CP] Embed Pods Frameworks";
			outputFileListPaths = (
				"${PODS_ROOT}/Target Support Files/Pods-RubyChina/Pods-RubyChina-frameworks-${CONFIGURATION}-output-files.xcfilelist",
			);
			runOnlyForDeploymentPostprocessing = 0;
			shellPath = /bin/sh;
			shellScript = "\"${PODS_ROOT}/Target Support Files/Pods-RubyChina/Pods-RubyChina-frameworks.sh\"\n";
			showEnvVarsInLog = 0;
		};
		B2DA4D20214AFA5000189C11 /* ShellScript */ = {
			isa = PBXShellScriptBuildPhase;
			buildActionMask = 2147483647;
			files = (
			);
			inputPaths = (
			);
			outputPaths = (
			);
			runOnlyForDeploymentPostprocessing = 0;
			shellPath = /bin/sh;
			shellScript = "\"${PODS_ROOT}/SwiftLint/swiftlint\"\n";
		};
		EB499744B98C5326389F5D04 /* [CP] Check Pods Manifest.lock */ = {
			isa = PBXShellScriptBuildPhase;
			buildActionMask = 2147483647;
			files = (
			);
			inputPaths = (
				"${PODS_PODFILE_DIR_PATH}/Podfile.lock",
				"${PODS_ROOT}/Manifest.lock",
			);
			name = "[CP] Check Pods Manifest.lock";
			outputPaths = (
				"$(DERIVED_FILE_DIR)/Pods-RubyChina-checkManifestLockResult.txt",
			);
			runOnlyForDeploymentPostprocessing = 0;
			shellPath = /bin/sh;
			shellScript = "diff \"${PODS_PODFILE_DIR_PATH}/Podfile.lock\" \"${PODS_ROOT}/Manifest.lock\" > /dev/null\nif [ $? != 0 ] ; then\n    # print error to STDERR\n    echo \"error: The sandbox is not in sync with the Podfile.lock. Run 'pod install' or update your CocoaPods installation.\" >&2\n    exit 1\nfi\n# This output is used by Xcode 'outputs' to avoid re-running this script phase.\necho \"SUCCESS\" > \"${SCRIPT_OUTPUT_FILE_0}\"\n";
			showEnvVarsInLog = 0;
		};
/* End PBXShellScriptBuildPhase section */

/* Begin PBXSourcesBuildPhase section */
		B2C75A20214AF03E00E0F8BD /* Sources */ = {
			isa = PBXSourcesBuildPhase;
			buildActionMask = 2147483647;
			files = (
				B2C75A6F214AF11400E0F8BD /* TopicBodyCell.swift in Sources */,
				B2C75A6A214AF11400E0F8BD /* AccountNameCell.swift in Sources */,
				B2C75A6C214AF11400E0F8BD /* TopicTitleCell.swift in Sources */,
				B2C75A5B214AF11400E0F8BD /* Reply.swift in Sources */,
				B2C75A5C214AF11400E0F8BD /* User.swift in Sources */,
				B2C75A6B214AF11400E0F8BD /* TopicWebCell.swift in Sources */,
				B2B919A622B5F84B0084A03B /* UserHeaderView.swift in Sources */,
				B2C75A71214AF11400E0F8BD /* TopicsCell.swift in Sources */,
				B21BA5FC22B3FB08004433F3 /* UserController.swift in Sources */,
				B21BA5FA22B3FAD6004433F3 /* AccountController.swift in Sources */,
				B2C75A60214AF11400E0F8BD /* TopicController.swift in Sources */,
				B2C75A6D214AF11400E0F8BD /* TopicReplyCell.swift in Sources */,
				B2C75A5F214AF11400E0F8BD /* ViewController.swift in Sources */,
				B2C75A65214AF11400E0F8BD /* ComposeController.swift in Sources */,
				B2C75A59214AF11400E0F8BD /* Ability.swift in Sources */,
				B2C75A28214AF03E00E0F8BD /* AppDelegate.swift in Sources */,
				B2C75A5E214AF11400E0F8BD /* Topic.swift in Sources */,
				B232BBB52157CC4A0056E918 /* ActivityIndicatorView.swift in Sources */,
				B21BA5F822B3F66E004433F3 /* UIImageView.swift in Sources */,
				B2C75A70214AF11400E0F8BD /* NoContentView.swift in Sources */,
				B2C75A5A214AF11400E0F8BD /* Section.swift in Sources */,
				B2C75A5D214AF11400E0F8BD /* Node.swift in Sources */,
				B2C75A6E214AF11400E0F8BD /* TopicReplyDeletedCell.swift in Sources */,
				B2C75A63214AF11400E0F8BD /* TopicsController.swift in Sources */,
				B2C75A64214AF11400E0F8BD /* WebViewController.swift in Sources */,
				B2C75A66214AF11400E0F8BD /* NodesController.swift in Sources */,
				B2C75A61214AF11400E0F8BD /* SignInController.swift in Sources */,
				B2C75A68214AF11400E0F8BD /* UIView.swift in Sources */,
				B2C75A69214AF11400E0F8BD /* NetworkErrorView.swift in Sources */,
			);
			runOnlyForDeploymentPostprocessing = 0;
		};
/* End PBXSourcesBuildPhase section */

/* Begin PBXVariantGroup section */
		B2C75A30214AF03F00E0F8BD /* LaunchScreen.storyboard */ = {
			isa = PBXVariantGroup;
			children = (
				B21B84E7233B9485007AAD4E /* zh-Hans */,
			);
			name = LaunchScreen.storyboard;
			sourceTree = "<group>";
		};
/* End PBXVariantGroup section */

/* Begin XCBuildConfiguration section */
		B2C75A34214AF03F00E0F8BD /* Debug */ = {
			isa = XCBuildConfiguration;
			buildSettings = {
				ALWAYS_SEARCH_USER_PATHS = NO;
				CLANG_ANALYZER_NONNULL = YES;
				CLANG_ANALYZER_NUMBER_OBJECT_CONVERSION = YES_AGGRESSIVE;
				CLANG_CXX_LANGUAGE_STANDARD = "gnu++14";
				CLANG_CXX_LIBRARY = "libc++";
				CLANG_ENABLE_MODULES = YES;
				CLANG_ENABLE_OBJC_ARC = YES;
				CLANG_ENABLE_OBJC_WEAK = YES;
				CLANG_WARN_BLOCK_CAPTURE_AUTORELEASING = YES;
				CLANG_WARN_BOOL_CONVERSION = YES;
				CLANG_WARN_COMMA = YES;
				CLANG_WARN_CONSTANT_CONVERSION = YES;
				CLANG_WARN_DEPRECATED_OBJC_IMPLEMENTATIONS = YES;
				CLANG_WARN_DIRECT_OBJC_ISA_USAGE = YES_ERROR;
				CLANG_WARN_DOCUMENTATION_COMMENTS = YES;
				CLANG_WARN_EMPTY_BODY = YES;
				CLANG_WARN_ENUM_CONVERSION = YES;
				CLANG_WARN_INFINITE_RECURSION = YES;
				CLANG_WARN_INT_CONVERSION = YES;
				CLANG_WARN_NON_LITERAL_NULL_CONVERSION = YES;
				CLANG_WARN_OBJC_IMPLICIT_RETAIN_SELF = YES;
				CLANG_WARN_OBJC_LITERAL_CONVERSION = YES;
				CLANG_WARN_OBJC_ROOT_CLASS = YES_ERROR;
				CLANG_WARN_RANGE_LOOP_ANALYSIS = YES;
				CLANG_WARN_STRICT_PROTOTYPES = YES;
				CLANG_WARN_SUSPICIOUS_MOVE = YES;
				CLANG_WARN_UNGUARDED_AVAILABILITY = YES_AGGRESSIVE;
				CLANG_WARN_UNREACHABLE_CODE = YES;
				CLANG_WARN__DUPLICATE_METHOD_MATCH = YES;
				CODE_SIGN_IDENTITY = "iPhone Developer";
				COPY_PHASE_STRIP = NO;
				DEBUG_INFORMATION_FORMAT = dwarf;
				ENABLE_STRICT_OBJC_MSGSEND = YES;
				ENABLE_TESTABILITY = YES;
				GCC_C_LANGUAGE_STANDARD = gnu11;
				GCC_DYNAMIC_NO_PIC = NO;
				GCC_NO_COMMON_BLOCKS = YES;
				GCC_OPTIMIZATION_LEVEL = 0;
				GCC_PREPROCESSOR_DEFINITIONS = (
					"DEBUG=1",
					"$(inherited)",
				);
				GCC_WARN_64_TO_32_BIT_CONVERSION = YES;
				GCC_WARN_ABOUT_RETURN_TYPE = YES_ERROR;
				GCC_WARN_UNDECLARED_SELECTOR = YES;
				GCC_WARN_UNINITIALIZED_AUTOS = YES_AGGRESSIVE;
				GCC_WARN_UNUSED_FUNCTION = YES;
				GCC_WARN_UNUSED_VARIABLE = YES;
				IPHONEOS_DEPLOYMENT_TARGET = 13.0;
				MTL_ENABLE_DEBUG_INFO = INCLUDE_SOURCE;
				MTL_FAST_MATH = YES;
				ONLY_ACTIVE_ARCH = YES;
				SDKROOT = iphoneos;
				SWIFT_ACTIVE_COMPILATION_CONDITIONS = DEBUG;
				SWIFT_OPTIMIZATION_LEVEL = "-Onone";
			};
			name = Debug;
		};
		B2C75A35214AF03F00E0F8BD /* Release */ = {
			isa = XCBuildConfiguration;
			buildSettings = {
				ALWAYS_SEARCH_USER_PATHS = NO;
				CLANG_ANALYZER_NONNULL = YES;
				CLANG_ANALYZER_NUMBER_OBJECT_CONVERSION = YES_AGGRESSIVE;
				CLANG_CXX_LANGUAGE_STANDARD = "gnu++14";
				CLANG_CXX_LIBRARY = "libc++";
				CLANG_ENABLE_MODULES = YES;
				CLANG_ENABLE_OBJC_ARC = YES;
				CLANG_ENABLE_OBJC_WEAK = YES;
				CLANG_WARN_BLOCK_CAPTURE_AUTORELEASING = YES;
				CLANG_WARN_BOOL_CONVERSION = YES;
				CLANG_WARN_COMMA = YES;
				CLANG_WARN_CONSTANT_CONVERSION = YES;
				CLANG_WARN_DEPRECATED_OBJC_IMPLEMENTATIONS = YES;
				CLANG_WARN_DIRECT_OBJC_ISA_USAGE = YES_ERROR;
				CLANG_WARN_DOCUMENTATION_COMMENTS = YES;
				CLANG_WARN_EMPTY_BODY = YES;
				CLANG_WARN_ENUM_CONVERSION = YES;
				CLANG_WARN_INFINITE_RECURSION = YES;
				CLANG_WARN_INT_CONVERSION = YES;
				CLANG_WARN_NON_LITERAL_NULL_CONVERSION = YES;
				CLANG_WARN_OBJC_IMPLICIT_RETAIN_SELF = YES;
				CLANG_WARN_OBJC_LITERAL_CONVERSION = YES;
				CLANG_WARN_OBJC_ROOT_CLASS = YES_ERROR;
				CLANG_WARN_RANGE_LOOP_ANALYSIS = YES;
				CLANG_WARN_STRICT_PROTOTYPES = YES;
				CLANG_WARN_SUSPICIOUS_MOVE = YES;
				CLANG_WARN_UNGUARDED_AVAILABILITY = YES_AGGRESSIVE;
				CLANG_WARN_UNREACHABLE_CODE = YES;
				CLANG_WARN__DUPLICATE_METHOD_MATCH = YES;
				CODE_SIGN_IDENTITY = "iPhone Developer";
				COPY_PHASE_STRIP = NO;
				DEBUG_INFORMATION_FORMAT = "dwarf-with-dsym";
				ENABLE_NS_ASSERTIONS = NO;
				ENABLE_STRICT_OBJC_MSGSEND = YES;
				GCC_C_LANGUAGE_STANDARD = gnu11;
				GCC_NO_COMMON_BLOCKS = YES;
				GCC_WARN_64_TO_32_BIT_CONVERSION = YES;
				GCC_WARN_ABOUT_RETURN_TYPE = YES_ERROR;
				GCC_WARN_UNDECLARED_SELECTOR = YES;
				GCC_WARN_UNINITIALIZED_AUTOS = YES_AGGRESSIVE;
				GCC_WARN_UNUSED_FUNCTION = YES;
				GCC_WARN_UNUSED_VARIABLE = YES;
				IPHONEOS_DEPLOYMENT_TARGET = 13.0;
				MTL_ENABLE_DEBUG_INFO = NO;
				MTL_FAST_MATH = YES;
				SDKROOT = iphoneos;
				SWIFT_COMPILATION_MODE = wholemodule;
				SWIFT_OPTIMIZATION_LEVEL = "-O";
				VALIDATE_PRODUCT = YES;
			};
			name = Release;
		};
		B2C75A37214AF03F00E0F8BD /* Debug */ = {
			isa = XCBuildConfiguration;
			baseConfigurationReference = 313CBE91D4221E7BF3DE918B /* Pods-RubyChina.debug.xcconfig */;
			buildSettings = {
				ASSETCATALOG_COMPILER_APPICON_NAME = AppIcon;
				CODE_SIGN_ENTITLEMENTS = RubyChina/RubyChina.entitlements;
				CODE_SIGN_STYLE = Automatic;
				CURRENT_PROJECT_VERSION = 13;
				DEVELOPMENT_TEAM = 4ZT4M533K7;
				INFOPLIST_FILE = RubyChina/Info.plist;
				LD_RUNPATH_SEARCH_PATHS = (
					"$(inherited)",
					"@executable_path/Frameworks",
				);
				MARKETING_VERSION = 2.0;
				PRODUCT_BUNDLE_IDENTIFIER = "com.secipin.ruby-china";
				PRODUCT_NAME = "$(TARGET_NAME)";
				SWIFT_VERSION = 5.0;
				TARGETED_DEVICE_FAMILY = "1,2";
			};
			name = Debug;
		};
		B2C75A38214AF03F00E0F8BD /* Release */ = {
			isa = XCBuildConfiguration;
			baseConfigurationReference = 0FE2E6E1DE4036A297BCCA25 /* Pods-RubyChina.release.xcconfig */;
			buildSettings = {
				ASSETCATALOG_COMPILER_APPICON_NAME = AppIcon;
				CODE_SIGN_ENTITLEMENTS = RubyChina/RubyChina.entitlements;
				CODE_SIGN_STYLE = Automatic;
				CURRENT_PROJECT_VERSION = 13;
				DEVELOPMENT_TEAM = 4ZT4M533K7;
				INFOPLIST_FILE = RubyChina/Info.plist;
				LD_RUNPATH_SEARCH_PATHS = (
					"$(inherited)",
					"@executable_path/Frameworks",
				);
				MARKETING_VERSION = 2.0;
				PRODUCT_BUNDLE_IDENTIFIER = "com.secipin.ruby-china";
				PRODUCT_NAME = "$(TARGET_NAME)";
				SWIFT_VERSION = 5.0;
				TARGETED_DEVICE_FAMILY = "1,2";
			};
			name = Release;
		};
/* End XCBuildConfiguration section */

/* Begin XCConfigurationList section */
		B2C75A1F214AF03E00E0F8BD /* Build configuration list for PBXProject "RubyChina" */ = {
			isa = XCConfigurationList;
			buildConfigurations = (
				B2C75A34214AF03F00E0F8BD /* Debug */,
				B2C75A35214AF03F00E0F8BD /* Release */,
			);
			defaultConfigurationIsVisible = 0;
			defaultConfigurationName = Release;
		};
		B2C75A36214AF03F00E0F8BD /* Build configuration list for PBXNativeTarget "RubyChina" */ = {
			isa = XCConfigurationList;
			buildConfigurations = (
				B2C75A37214AF03F00E0F8BD /* Debug */,
				B2C75A38214AF03F00E0F8BD /* Release */,
			);
			defaultConfigurationIsVisible = 0;
			defaultConfigurationName = Release;
		};
/* End XCConfigurationList section */
	};
	rootObject = B2C75A1C214AF03E00E0F8BD /* Project object */;
}
